// !$*UTF8*$!
{
	archiveVersion = 1;
	classes = {
	};
	objectVersion = 56;
	objects = {

/* Begin PBXBuildFile section */
		769A7597291FFD470072F218 /* SWViewController.swift in Sources */ = {isa = PBXBuildFile; fileRef = 769A7596291FFD470072F218 /* SWViewController.swift */; };
		769A75992920122D0072F218 /* HomeWorldModel.swift in Sources */ = {isa = PBXBuildFile; fileRef = 769A75982920122D0072F218 /* HomeWorldModel.swift */; };
		76CF34A1291F15F0005C4D6B /* AppDelegate.swift in Sources */ = {isa = PBXBuildFile; fileRef = 76CF34A0291F15F0005C4D6B /* AppDelegate.swift */; };
		76CF34A3291F15F0005C4D6B /* SceneDelegate.swift in Sources */ = {isa = PBXBuildFile; fileRef = 76CF34A2291F15F0005C4D6B /* SceneDelegate.swift */; };
		76CF34A5291F15F0005C4D6B /* ViewController.swift in Sources */ = {isa = PBXBuildFile; fileRef = 76CF34A4291F15F0005C4D6B /* ViewController.swift */; };
		76CF34A8291F15F0005C4D6B /* Main.storyboard in Resources */ = {isa = PBXBuildFile; fileRef = 76CF34A6291F15F0005C4D6B /* Main.storyboard */; };
		76CF34AA291F15F1005C4D6B /* Assets.xcassets in Resources */ = {isa = PBXBuildFile; fileRef = 76CF34A9291F15F1005C4D6B /* Assets.xcassets */; };
		76CF34AD291F15F1005C4D6B /* LaunchScreen.storyboard in Resources */ = {isa = PBXBuildFile; fileRef = 76CF34AB291F15F1005C4D6B /* LaunchScreen.storyboard */; };
		76CF34B5291F2167005C4D6B /* StarWarModel.swift in Sources */ = {isa = PBXBuildFile; fileRef = 76CF34B4291F2167005C4D6B /* StarWarModel.swift */; };
		76CF34B7291F3B67005C4D6B /* StarWTableViewCell.swift in Sources */ = {isa = PBXBuildFile; fileRef = 76CF34B6291F3B67005C4D6B /* StarWTableViewCell.swift */; };
/* End PBXBuildFile section */

/* Begin PBXFileReference section */
		769A7596291FFD470072F218 /* SWViewController.swift */ = {isa = PBXFileReference; lastKnownFileType = sourcecode.swift; path = SWViewController.swift; sourceTree = "<group>"; };
		769A75982920122D0072F218 /* HomeWorldModel.swift */ = {isa = PBXFileReference; lastKnownFileType = sourcecode.swift; path = HomeWorldModel.swift; sourceTree = "<group>"; };
		76CF349D291F15F0005C4D6B /* Ass5_StarWars.app */ = {isa = PBXFileReference; explicitFileType = wrapper.application; includeInIndex = 0; path = Ass5_StarWars.app; sourceTree = BUILT_PRODUCTS_DIR; };
		76CF34A0291F15F0005C4D6B /* AppDelegate.swift */ = {isa = PBXFileReference; lastKnownFileType = sourcecode.swift; path = AppDelegate.swift; sourceTree = "<group>"; };
		76CF34A2291F15F0005C4D6B /* SceneDelegate.swift */ = {isa = PBXFileReference; lastKnownFileType = sourcecode.swift; path = SceneDelegate.swift; sourceTree = "<group>"; };
		76CF34A4291F15F0005C4D6B /* ViewController.swift */ = {isa = PBXFileReference; lastKnownFileType = sourcecode.swift; path = ViewController.swift; sourceTree = "<group>"; };
		76CF34A7291F15F0005C4D6B /* Base */ = {isa = PBXFileReference; lastKnownFileType = file.storyboard; name = Base; path = Base.lproj/Main.storyboard; sourceTree = "<group>"; };
		76CF34A9291F15F1005C4D6B /* Assets.xcassets */ = {isa = PBXFileReference; lastKnownFileType = folder.assetcatalog; path = Assets.xcassets; sourceTree = "<group>"; };
		76CF34AC291F15F1005C4D6B /* Base */ = {isa = PBXFileReference; lastKnownFileType = file.storyboard; name = Base; path = Base.lproj/LaunchScreen.storyboard; sourceTree = "<group>"; };
		76CF34AE291F15F1005C4D6B /* Info.plist */ = {isa = PBXFileReference; lastKnownFileType = text.plist.xml; path = Info.plist; sourceTree = "<group>"; };
		76CF34B4291F2167005C4D6B /* StarWarModel.swift */ = {isa = PBXFileReference; lastKnownFileType = sourcecode.swift; path = StarWarModel.swift; sourceTree = "<group>"; };
		76CF34B6291F3B67005C4D6B /* StarWTableViewCell.swift */ = {isa = PBXFileReference; lastKnownFileType = sourcecode.swift; path = StarWTableViewCell.swift; sourceTree = "<group>"; };
/* End PBXFileReference section */

/* Begin PBXFrameworksBuildPhase section */
		76CF349A291F15F0005C4D6B /* Frameworks */ = {
			isa = PBXFrameworksBuildPhase;
			buildActionMask = 2147483647;
			files = (
			);
			runOnlyForDeploymentPostprocessing = 0;
		};
/* End PBXFrameworksBuildPhase section */

/* Begin PBXGroup section */
		76CF3494291F15F0005C4D6B = {
			isa = PBXGroup;
			children = (
				76CF349F291F15F0005C4D6B /* Ass5_StarWars */,
				76CF349E291F15F0005C4D6B /* Products */,
			);
			sourceTree = "<group>";
		};
		76CF349E291F15F0005C4D6B /* Products */ = {
			isa = PBXGroup;
			children = (
				76CF349D291F15F0005C4D6B /* Ass5_StarWars.app */,
			);
			name = Products;
			sourceTree = "<group>";
		};
		76CF349F291F15F0005C4D6B /* Ass5_StarWars */ = {
			isa = PBXGroup;
			children = (
				76CF34A0291F15F0005C4D6B /* AppDelegate.swift */,
				76CF34A2291F15F0005C4D6B /* SceneDelegate.swift */,
				76CF34A4291F15F0005C4D6B /* ViewController.swift */,
				76CF34A6291F15F0005C4D6B /* Main.storyboard */,
				769A7596291FFD470072F218 /* SWViewController.swift */,
				76CF34B6291F3B67005C4D6B /* StarWTableViewCell.swift */,
				76CF34B4291F2167005C4D6B /* StarWarModel.swift */,
				769A75982920122D0072F218 /* HomeWorldModel.swift */,
				76CF34A9291F15F1005C4D6B /* Assets.xcassets */,
				76CF34AB291F15F1005C4D6B /* LaunchScreen.storyboard */,
				76CF34AE291F15F1005C4D6B /* Info.plist */,
			);
			path = Ass5_StarWars;
			sourceTree = "<group>";
		};
/* End PBXGroup section */

/* Begin PBXNativeTarget section */
		76CF349C291F15F0005C4D6B /* Ass5_StarWars */ = {
			isa = PBXNativeTarget;
			buildConfigurationList = 76CF34B1291F15F1005C4D6B /* Build configuration list for PBXNativeTarget "Ass5_StarWars" */;
			buildPhases = (
				76CF3499291F15F0005C4D6B /* Sources */,
				76CF349A291F15F0005C4D6B /* Frameworks */,
				76CF349B291F15F0005C4D6B /* Resources */,
			);
			buildRules = (
			);
			dependencies = (
			);
			name = Ass5_StarWars;
			productName = Ass5_StarWars;
			productReference = 76CF349D291F15F0005C4D6B /* Ass5_StarWars.app */;
			productType = "com.apple.product-type.application";
		};
/* End PBXNativeTarget section */

/* Begin PBXProject section */
		76CF3495291F15F0005C4D6B /* Project object */ = {
			isa = PBXProject;
			attributes = {
				BuildIndependentTargetsInParallel = 1;
				LastSwiftUpdateCheck = 1410;
				LastUpgradeCheck = 1410;
				TargetAttributes = {
					76CF349C291F15F0005C4D6B = {
						CreatedOnToolsVersion = 14.1;
					};
				};
			};
			buildConfigurationList = 76CF3498291F15F0005C4D6B /* Build configuration list for PBXProject "Ass5_StarWars" */;
			compatibilityVersion = "Xcode 14.0";
			developmentRegion = en;
			hasScannedForEncodings = 0;
			knownRegions = (
				en,
				Base,
			);
			mainGroup = 76CF3494291F15F0005C4D6B;
			productRefGroup = 76CF349E291F15F0005C4D6B /* Products */;
			projectDirPath = "";
			projectRoot = "";
			targets = (
				76CF349C291F15F0005C4D6B /* Ass5_StarWars */,
			);
		};
/* End PBXProject section */

/* Begin PBXResourcesBuildPhase section */
		76CF349B291F15F0005C4D6B /* Resources */ = {
			isa = PBXResourcesBuildPhase;
			buildActionMask = 2147483647;
			files = (
				76CF34AD291F15F1005C4D6B /* LaunchScreen.storyboard in Resources */,
				76CF34AA291F15F1005C4D6B /* Assets.xcassets in Resources */,
				76CF34A8291F15F0005C4D6B /* Main.storyboard in Resources */,
			);
			runOnlyForDeploymentPostprocessing = 0;
		};
/* End PBXResourcesBuildPhase section */

/* Begin PBXSourcesBuildPhase section */
		76CF3499291F15F0005C4D6B /* Sources */ = {
			isa = PBXSourcesBuildPhase;
			buildActionMask = 2147483647;
			files = (
				769A7597291FFD470072F218 /* SWViewController.swift in Sources */,
				76CF34A5291F15F0005C4D6B /* ViewController.swift in Sources */,
				769A75992920122D0072F218 /* HomeWorldModel.swift in Sources */,
				76CF34B5291F2167005C4D6B /* StarWarModel.swift in Sources */,
				76CF34A1291F15F0005C4D6B /* AppDelegate.swift in Sources */,
				76CF34A3291F15F0005C4D6B /* SceneDelegate.swift in Sources */,
				76CF34B7291F3B67005C4D6B /* StarWTableViewCell.swift in Sources */,
			);
			runOnlyForDeploymentPostprocessing = 0;
		};
/* End PBXSourcesBuildPhase section */

/* Begin PBXVariantGroup section */
		76CF34A6291F15F0005C4D6B /* Main.storyboard */ = {
			isa = PBXVariantGroup;
			children = (
				76CF34A7291F15F0005C4D6B /* Base */,
			);
			name = Main.storyboard;
			sourceTree = "<group>";
		};
		76CF34AB291F15F1005C4D6B /* LaunchScreen.storyboard */ = {
			isa = PBXVariantGroup;
			children = (
				76CF34AC291F15F1005C4D6B /* Base */,
			);
			name = LaunchScreen.storyboard;
			sourceTree = "<group>";
		};
/* End PBXVariantGroup section */

/* Begin XCBuildConfiguration section */
		76CF34AF291F15F1005C4D6B /* Debug */ = {
			isa = XCBuildConfiguration;
			buildSettings = {
				ALWAYS_SEARCH_USER_PATHS = NO;
				CLANG_ANALYZER_NONNULL = YES;
				CLANG_ANALYZER_NUMBER_OBJECT_CONVERSION = YES_AGGRESSIVE;
				CLANG_CXX_LANGUAGE_STANDARD = "gnu++20";
				CLANG_ENABLE_MODULES = YES;
				CLANG_ENABLE_OBJC_ARC = YES;
				CLANG_ENABLE_OBJC_WEAK = YES;
				CLANG_WARN_BLOCK_CAPTURE_AUTORELEASING = YES;
				CLANG_WARN_BOOL_CONVERSION = YES;
				CLANG_WARN_COMMA = YES;
				CLANG_WARN_CONSTANT_CONVERSION = YES;
				CLANG_WARN_DEPRECATED_OBJC_IMPLEMENTATIONS = YES;
				CLANG_WARN_DIRECT_OBJC_ISA_USAGE = YES_ERROR;
				CLANG_WARN_DOCUMENTATION_COMMENTS = YES;
				CLANG_WARN_EMPTY_BODY = YES;
				CLANG_WARN_ENUM_CONVERSION = YES;
				CLANG_WARN_INFINITE_RECURSION = YES;
				CLANG_WARN_INT_CONVERSION = YES;
				CLANG_WARN_NON_LITERAL_NULL_CONVERSION = YES;
				CLANG_WARN_OBJC_IMPLICIT_RETAIN_SELF = YES;
				CLANG_WARN_OBJC_LITERAL_CONVERSION = YES;
				CLANG_WARN_OBJC_ROOT_CLASS = YES_ERROR;
				CLANG_WARN_QUOTED_INCLUDE_IN_FRAMEWORK_HEADER = YES;
				CLANG_WARN_RANGE_LOOP_ANALYSIS = YES;
				CLANG_WARN_STRICT_PROTOTYPES = YES;
				CLANG_WARN_SUSPICIOUS_MOVE = YES;
				CLANG_WARN_UNGUARDED_AVAILABILITY = YES_AGGRESSIVE;
				CLANG_WARN_UNREACHABLE_CODE = YES;
				CLANG_WARN__DUPLICATE_METHOD_MATCH = YES;
				COPY_PHASE_STRIP = NO;
				DEBUG_INFORMATION_FORMAT = dwarf;
				ENABLE_STRICT_OBJC_MSGSEND = YES;
				ENABLE_TESTABILITY = YES;
				GCC_C_LANGUAGE_STANDARD = gnu11;
				GCC_DYNAMIC_NO_PIC = NO;
				GCC_NO_COMMON_BLOCKS = YES;
				GCC_OPTIMIZATION_LEVEL = 0;
				GCC_PREPROCESSOR_DEFINITIONS = (
					"DEBUG=1",
					"$(inherited)",
				);
				GCC_WARN_64_TO_32_BIT_CONVERSION = YES;
				GCC_WARN_ABOUT_RETURN_TYPE = YES_ERROR;
				GCC_WARN_UNDECLARED_SELECTOR = YES;
				GCC_WARN_UNINITIALIZED_AUTOS = YES_AGGRESSIVE;
				GCC_WARN_UNUSED_FUNCTION = YES;
				GCC_WARN_UNUSED_VARIABLE = YES;
				IPHONEOS_DEPLOYMENT_TARGET = 16.1;
				MTL_ENABLE_DEBUG_INFO = INCLUDE_SOURCE;
				MTL_FAST_MATH = YES;
				ONLY_ACTIVE_ARCH = YES;
				SDKROOT = iphoneos;
				SWIFT_ACTIVE_COMPILATION_CONDITIONS = DEBUG;
				SWIFT_OPTIMIZATION_LEVEL = "-Onone";
			};
			name = Debug;
		};
		76CF34B0291F15F1005C4D6B /* Release */ = {
			isa = XCBuildConfiguration;
			buildSettings = {
				ALWAYS_SEARCH_USER_PATHS = NO;
				CLANG_ANALYZER_NONNULL = YES;
				CLANG_ANALYZER_NUMBER_OBJECT_CONVERSION = YES_AGGRESSIVE;
				CLANG_CXX_LANGUAGE_STANDARD = "gnu++20";
				CLANG_ENABLE_MODULES = YES;
				CLANG_ENABLE_OBJC_ARC = YES;
				CLANG_ENABLE_OBJC_WEAK = YES;
				CLANG_WARN_BLOCK_CAPTURE_AUTORELEASING = YES;
				CLANG_WARN_BOOL_CONVERSION = YES;
				CLANG_WARN_COMMA = YES;
				CLANG_WARN_CONSTANT_CONVERSION = YES;
				CLANG_WARN_DEPRECATED_OBJC_IMPLEMENTATIONS = YES;
				CLANG_WARN_DIRECT_OBJC_ISA_USAGE = YES_ERROR;
				CLANG_WARN_DOCUMENTATION_COMMENTS = YES;
				CLANG_WARN_EMPTY_BODY = YES;
				CLANG_WARN_ENUM_CONVERSION = YES;
				CLANG_WARN_INFINITE_RECURSION = YES;
				CLANG_WARN_INT_CONVERSION = YES;
				CLANG_WARN_NON_LITERAL_NULL_CONVERSION = YES;
				CLANG_WARN_OBJC_IMPLICIT_RETAIN_SELF = YES;
				CLANG_WARN_OBJC_LITERAL_CONVERSION = YES;
				CLANG_WARN_OBJC_ROOT_CLASS = YES_ERROR;
				CLANG_WARN_QUOTED_INCLUDE_IN_FRAMEWORK_HEADER = YES;
				CLANG_WARN_RANGE_LOOP_ANALYSIS = YES;
				CLANG_WARN_STRICT_PROTOTYPES = YES;
				CLANG_WARN_SUSPICIOUS_MOVE = YES;
				CLANG_WARN_UNGUARDED_AVAILABILITY = YES_AGGRESSIVE;
				CLANG_WARN_UNREACHABLE_CODE = YES;
				CLANG_WARN__DUPLICATE_METHOD_MATCH = YES;
				COPY_PHASE_STRIP = NO;
				DEBUG_INFORMATION_FORMAT = "dwarf-with-dsym";
				ENABLE_NS_ASSERTIONS = NO;
				ENABLE_STRICT_OBJC_MSGSEND = YES;
				GCC_C_LANGUAGE_STANDARD = gnu11;
				GCC_NO_COMMON_BLOCKS = YES;
				GCC_WARN_64_TO_32_BIT_CONVERSION = YES;
				GCC_WARN_ABOUT_RETURN_TYPE = YES_ERROR;
				GCC_WARN_UNDECLARED_SELECTOR = YES;
				GCC_WARN_UNINITIALIZED_AUTOS = YES_AGGRESSIVE;
				GCC_WARN_UNUSED_FUNCTION = YES;
				GCC_WARN_UNUSED_VARIABLE = YES;
				IPHONEOS_DEPLOYMENT_TARGET = 16.1;
				MTL_ENABLE_DEBUG_INFO = NO;
				MTL_FAST_MATH = YES;
				SDKROOT = iphoneos;
				SWIFT_COMPILATION_MODE = wholemodule;
				SWIFT_OPTIMIZATION_LEVEL = "-O";
				VALIDATE_PRODUCT = YES;
			};
			name = Release;
		};
		76CF34B2291F15F1005C4D6B /* Debug */ = {
			isa = XCBuildConfiguration;
			buildSettings = {
				ASSETCATALOG_COMPILER_APPICON_NAME = AppIcon;
				ASSETCATALOG_COMPILER_GLOBAL_ACCENT_COLOR_NAME = AccentColor;
				CODE_SIGN_STYLE = Automatic;
				CURRENT_PROJECT_VERSION = 1;
				DEVELOPMENT_TEAM = 368WGM7S39;
				GENERATE_INFOPLIST_FILE = YES;
				INFOPLIST_FILE = Ass5_StarWars/Info.plist;
				INFOPLIST_KEY_UIApplicationSupportsIndirectInputEvents = YES;
				INFOPLIST_KEY_UILaunchStoryboardName = LaunchScreen;
				INFOPLIST_KEY_UIMainStoryboardFile = Main;
				INFOPLIST_KEY_UISupportedInterfaceOrientations_iPad = "UIInterfaceOrientationPortrait UIInterfaceOrientationPortraitUpsideDown UIInterfaceOrientationLandscapeLeft UIInterfaceOrientationLandscapeRight";
				INFOPLIST_KEY_UISupportedInterfaceOrientations_iPhone = "UIInterfaceOrientationPortrait UIInterfaceOrientationLandscapeLeft UIInterfaceOrientationLandscapeRight";
				LD_RUNPATH_SEARCH_PATHS = (
					"$(inherited)",
					"@executable_path/Frameworks",
				);
				MARKETING_VERSION = 1.0;
				PRODUCT_BUNDLE_IDENTIFIER = "com.pedrojmunoz.Ass5-StarWars";
				PRODUCT_NAME = "$(TARGET_NAME)";
				SWIFT_EMIT_LOC_STRINGS = YES;
				SWIFT_VERSION = 5.0;
				TARGETED_DEVICE_FAMILY = 1;
			};
			name = Debug;
		};
		76CF34B3291F15F1005C4D6B /* Release */ = {
			isa = XCBuildConfiguration;
			buildSettings = {
				ASSETCATALOG_COMPILER_APPICON_NAME = AppIcon;
				ASSETCATALOG_COMPILER_GLOBAL_ACCENT_COLOR_NAME = AccentColor;
				CODE_SIGN_STYLE = Automatic;
				CURRENT_PROJECT_VERSION = 1;
				DEVELOPMENT_TEAM = 368WGM7S39;
				GENERATE_INFOPLIST_FILE = YES;
				INFOPLIST_FILE = Ass5_StarWars/Info.plist;
				INFOPLIST_KEY_UIApplicationSupportsIndirectInputEvents = YES;
				INFOPLIST_KEY_UILaunchStoryboardName = LaunchScreen;
				INFOPLIST_KEY_UIMainStoryboardFile = Main;
				INFOPLIST_KEY_UISupportedInterfaceOrientations_iPad = "UIInterfaceOrientationPortrait UIInterfaceOrientationPortraitUpsideDown UIInterfaceOrientationLandscapeLeft UIInterfaceOrientationLandscapeRight";
				INFOPLIST_KEY_UISupportedInterfaceOrientations_iPhone = "UIInterfaceOrientationPortrait UIInterfaceOrientationLandscapeLeft UIInterfaceOrientationLandscapeRight";
				LD_RUNPATH_SEARCH_PATHS = (
					"$(inherited)",
					"@executable_path/Frameworks",
				);
				MARKETING_VERSION = 1.0;
				PRODUCT_BUNDLE_IDENTIFIER = "com.pedrojmunoz.Ass5-StarWars";
				PRODUCT_NAME = "$(TARGET_NAME)";
				SWIFT_EMIT_LOC_STRINGS = YES;
				SWIFT_VERSION = 5.0;
				TARGETED_DEVICE_FAMILY = 1;
			};
			name = Release;
		};
/* End XCBuildConfiguration section */

/* Begin XCConfigurationList section */
		76CF3498291F15F0005C4D6B /* Build configuration list for PBXProject "Ass5_StarWars" */ = {
			isa = XCConfigurationList;
			buildConfigurations = (
				76CF34AF291F15F1005C4D6B /* Debug */,
				76CF34B0291F15F1005C4D6B /* Release */,
			);
			defaultConfigurationIsVisible = 0;
			defaultConfigurationName = Release;
		};
		76CF34B1291F15F1005C4D6B /* Build configuration list for PBXNativeTarget "Ass5_StarWars" */ = {
			isa = XCConfigurationList;
			buildConfigurations = (
				76CF34B2291F15F1005C4D6B /* Debug */,
				76CF34B3291F15F1005C4D6B /* Release */,
			);
			defaultConfigurationIsVisible = 0;
			defaultConfigurationName = Release;
		};
/* End XCConfigurationList section */
	};
	rootObject = 76CF3495291F15F0005C4D6B /* Project object */;
}
